// !$*UTF8*$!
{
	archiveVersion = 1;
	classes = {
	};
	objectVersion = 55;
	objects = {

/* Begin PBXBuildFile section */
		257185B1C0A1C9D7B7098532 /* Pods_Flix_FlixUITests.framework in Frameworks */ = {isa = PBXBuildFile; fileRef = 7E3671AD4BC978563A47E3BE /* Pods_Flix_FlixUITests.framework */; };
		2AF17AD827C8514500F700DB /* AppDelegate.swift in Sources */ = {isa = PBXBuildFile; fileRef = 2AF17AD727C8514500F700DB /* AppDelegate.swift */; };
		2AF17ADA27C8514500F700DB /* SceneDelegate.swift in Sources */ = {isa = PBXBuildFile; fileRef = 2AF17AD927C8514500F700DB /* SceneDelegate.swift */; };
		2AF17ADC27C8514500F700DB /* ViewController.swift in Sources */ = {isa = PBXBuildFile; fileRef = 2AF17ADB27C8514500F700DB /* ViewController.swift */; };
		2AF17ADF27C8514500F700DB /* Main.storyboard in Resources */ = {isa = PBXBuildFile; fileRef = 2AF17ADD27C8514500F700DB /* Main.storyboard */; };
		2AF17AE127C8514B00F700DB /* Assets.xcassets in Resources */ = {isa = PBXBuildFile; fileRef = 2AF17AE027C8514B00F700DB /* Assets.xcassets */; };
		2AF17AE427C8514B00F700DB /* LaunchScreen.storyboard in Resources */ = {isa = PBXBuildFile; fileRef = 2AF17AE227C8514B00F700DB /* LaunchScreen.storyboard */; };
		2AF17AEF27C8514C00F700DB /* FlixTests.swift in Sources */ = {isa = PBXBuildFile; fileRef = 2AF17AEE27C8514C00F700DB /* FlixTests.swift */; };
		2AF17AF927C8514C00F700DB /* FlixUITests.swift in Sources */ = {isa = PBXBuildFile; fileRef = 2AF17AF827C8514C00F700DB /* FlixUITests.swift */; };
		2AF17AFB27C8514C00F700DB /* FlixUITestsLaunchTests.swift in Sources */ = {isa = PBXBuildFile; fileRef = 2AF17AFA27C8514C00F700DB /* FlixUITestsLaunchTests.swift */; };
		2AF17B0827C8589800F700DB /* MoviesViewController.swift in Sources */ = {isa = PBXBuildFile; fileRef = 2AF17B0727C8589800F700DB /* MoviesViewController.swift */; };
		2AF17B0A27C8647300F700DB /* MovieCell.swift in Sources */ = {isa = PBXBuildFile; fileRef = 2AF17B0927C8647300F700DB /* MovieCell.swift */; };
		2AF17B0D27C8706800F700DB /* AlamofireImage in Frameworks */ = {isa = PBXBuildFile; productRef = 2AF17B0C27C8706800F700DB /* AlamofireImage */; };
		AF4424E891F8F99E41784E1A /* Pods_Flix.framework in Frameworks */ = {isa = PBXBuildFile; fileRef = 53B142E943C69FA7C8DB2DB4 /* Pods_Flix.framework */; };
		C2AF0BF5AD60B13A67471B60 /* Pods_FlixTests.framework in Frameworks */ = {isa = PBXBuildFile; fileRef = 06F27B0DC3DED91CC6616186 /* Pods_FlixTests.framework */; };
/* End PBXBuildFile section */

/* Begin PBXContainerItemProxy section */
		2AF17AEB27C8514B00F700DB /* PBXContainerItemProxy */ = {
			isa = PBXContainerItemProxy;
			containerPortal = 2AF17ACC27C8514500F700DB /* Project object */;
			proxyType = 1;
			remoteGlobalIDString = 2AF17AD327C8514500F700DB;
			remoteInfo = Flix;
		};
		2AF17AF527C8514C00F700DB /* PBXContainerItemProxy */ = {
			isa = PBXContainerItemProxy;
			containerPortal = 2AF17ACC27C8514500F700DB /* Project object */;
			proxyType = 1;
			remoteGlobalIDString = 2AF17AD327C8514500F700DB;
			remoteInfo = Flix;
		};
/* End PBXContainerItemProxy section */

/* Begin PBXFileReference section */
		06F27B0DC3DED91CC6616186 /* Pods_FlixTests.framework */ = {isa = PBXFileReference; explicitFileType = wrapper.framework; includeInIndex = 0; path = Pods_FlixTests.framework; sourceTree = BUILT_PRODUCTS_DIR; };
		287C02EFED68E805FE456AA3 /* Pods-FlixTests.debug.xcconfig */ = {isa = PBXFileReference; includeInIndex = 1; lastKnownFileType = text.xcconfig; name = "Pods-FlixTests.debug.xcconfig"; path = "Target Support Files/Pods-FlixTests/Pods-FlixTests.debug.xcconfig"; sourceTree = "<group>"; };
		2AF17AD427C8514500F700DB /* Flix.app */ = {isa = PBXFileReference; explicitFileType = wrapper.application; includeInIndex = 0; path = Flix.app; sourceTree = BUILT_PRODUCTS_DIR; };
		2AF17AD727C8514500F700DB /* AppDelegate.swift */ = {isa = PBXFileReference; lastKnownFileType = sourcecode.swift; path = AppDelegate.swift; sourceTree = "<group>"; };
		2AF17AD927C8514500F700DB /* SceneDelegate.swift */ = {isa = PBXFileReference; lastKnownFileType = sourcecode.swift; path = SceneDelegate.swift; sourceTree = "<group>"; };
		2AF17ADB27C8514500F700DB /* ViewController.swift */ = {isa = PBXFileReference; lastKnownFileType = sourcecode.swift; path = ViewController.swift; sourceTree = "<group>"; };
		2AF17ADE27C8514500F700DB /* Base */ = {isa = PBXFileReference; lastKnownFileType = file.storyboard; name = Base; path = Base.lproj/Main.storyboard; sourceTree = "<group>"; };
		2AF17AE027C8514B00F700DB /* Assets.xcassets */ = {isa = PBXFileReference; lastKnownFileType = folder.assetcatalog; path = Assets.xcassets; sourceTree = "<group>"; };
		2AF17AE327C8514B00F700DB /* Base */ = {isa = PBXFileReference; lastKnownFileType = file.storyboard; name = Base; path = Base.lproj/LaunchScreen.storyboard; sourceTree = "<group>"; };
		2AF17AE527C8514B00F700DB /* Info.plist */ = {isa = PBXFileReference; lastKnownFileType = text.plist.xml; path = Info.plist; sourceTree = "<group>"; };
		2AF17AEA27C8514B00F700DB /* FlixTests.xctest */ = {isa = PBXFileReference; explicitFileType = wrapper.cfbundle; includeInIndex = 0; path = FlixTests.xctest; sourceTree = BUILT_PRODUCTS_DIR; };
		2AF17AEE27C8514C00F700DB /* FlixTests.swift */ = {isa = PBXFileReference; lastKnownFileType = sourcecode.swift; path = FlixTests.swift; sourceTree = "<group>"; };
		2AF17AF427C8514C00F700DB /* FlixUITests.xctest */ = {isa = PBXFileReference; explicitFileType = wrapper.cfbundle; includeInIndex = 0; path = FlixUITests.xctest; sourceTree = BUILT_PRODUCTS_DIR; };
		2AF17AF827C8514C00F700DB /* FlixUITests.swift */ = {isa = PBXFileReference; lastKnownFileType = sourcecode.swift; path = FlixUITests.swift; sourceTree = "<group>"; };
		2AF17AFA27C8514C00F700DB /* FlixUITestsLaunchTests.swift */ = {isa = PBXFileReference; lastKnownFileType = sourcecode.swift; path = FlixUITestsLaunchTests.swift; sourceTree = "<group>"; };
		2AF17B0727C8589800F700DB /* MoviesViewController.swift */ = {isa = PBXFileReference; lastKnownFileType = sourcecode.swift; path = MoviesViewController.swift; sourceTree = "<group>"; };
		2AF17B0927C8647300F700DB /* MovieCell.swift */ = {isa = PBXFileReference; lastKnownFileType = sourcecode.swift; path = MovieCell.swift; sourceTree = "<group>"; };
		35FE2DEC0F499C464F49C8C1 /* Pods-Flix.debug.xcconfig */ = {isa = PBXFileReference; includeInIndex = 1; lastKnownFileType = text.xcconfig; name = "Pods-Flix.debug.xcconfig"; path = "Target Support Files/Pods-Flix/Pods-Flix.debug.xcconfig"; sourceTree = "<group>"; };
		53B142E943C69FA7C8DB2DB4 /* Pods_Flix.framework */ = {isa = PBXFileReference; explicitFileType = wrapper.framework; includeInIndex = 0; path = Pods_Flix.framework; sourceTree = BUILT_PRODUCTS_DIR; };
		5409473155941A58C4EA7205 /* Pods-Flix.release.xcconfig */ = {isa = PBXFileReference; includeInIndex = 1; lastKnownFileType = text.xcconfig; name = "Pods-Flix.release.xcconfig"; path = "Target Support Files/Pods-Flix/Pods-Flix.release.xcconfig"; sourceTree = "<group>"; };
		7E3671AD4BC978563A47E3BE /* Pods_Flix_FlixUITests.framework */ = {isa = PBXFileReference; explicitFileType = wrapper.framework; includeInIndex = 0; path = Pods_Flix_FlixUITests.framework; sourceTree = BUILT_PRODUCTS_DIR; };
		8958D285E7F239F6925DE657 /* Pods-FlixTests.release.xcconfig */ = {isa = PBXFileReference; includeInIndex = 1; lastKnownFileType = text.xcconfig; name = "Pods-FlixTests.release.xcconfig"; path = "Target Support Files/Pods-FlixTests/Pods-FlixTests.release.xcconfig"; sourceTree = "<group>"; };
		ABB7219C35362FE15CB92822 /* Pods-Flix-FlixUITests.release.xcconfig */ = {isa = PBXFileReference; includeInIndex = 1; lastKnownFileType = text.xcconfig; name = "Pods-Flix-FlixUITests.release.xcconfig"; path = "Target Support Files/Pods-Flix-FlixUITests/Pods-Flix-FlixUITests.release.xcconfig"; sourceTree = "<group>"; };
		CEDFC9782D22B702C05F3903 /* Pods-Flix-FlixUITests.debug.xcconfig */ = {isa = PBXFileReference; includeInIndex = 1; lastKnownFileType = text.xcconfig; name = "Pods-Flix-FlixUITests.debug.xcconfig"; path = "Target Support Files/Pods-Flix-FlixUITests/Pods-Flix-FlixUITests.debug.xcconfig"; sourceTree = "<group>"; };
/* End PBXFileReference section */

/* Begin PBXFrameworksBuildPhase section */
		2AF17AD127C8514500F700DB /* Frameworks */ = {
			isa = PBXFrameworksBuildPhase;
			buildActionMask = 2147483647;
			files = (
				2AF17B0D27C8706800F700DB /* AlamofireImage in Frameworks */,
				AF4424E891F8F99E41784E1A /* Pods_Flix.framework in Frameworks */,
			);
			runOnlyForDeploymentPostprocessing = 0;
		};
		2AF17AE727C8514B00F700DB /* Frameworks */ = {
			isa = PBXFrameworksBuildPhase;
			buildActionMask = 2147483647;
			files = (
				C2AF0BF5AD60B13A67471B60 /* Pods_FlixTests.framework in Frameworks */,
			);
			runOnlyForDeploymentPostprocessing = 0;
		};
		2AF17AF127C8514C00F700DB /* Frameworks */ = {
			isa = PBXFrameworksBuildPhase;
			buildActionMask = 2147483647;
			files = (
				257185B1C0A1C9D7B7098532 /* Pods_Flix_FlixUITests.framework in Frameworks */,
			);
			runOnlyForDeploymentPostprocessing = 0;
		};
/* End PBXFrameworksBuildPhase section */

/* Begin PBXGroup section */
		0C4F7192C41BE30A69C3FDE6 /* Frameworks */ = {
			isa = PBXGroup;
			children = (
				53B142E943C69FA7C8DB2DB4 /* Pods_Flix.framework */,
				7E3671AD4BC978563A47E3BE /* Pods_Flix_FlixUITests.framework */,
				06F27B0DC3DED91CC6616186 /* Pods_FlixTests.framework */,
			);
			name = Frameworks;
			sourceTree = "<group>";
		};
		2AF17ACB27C8514500F700DB = {
			isa = PBXGroup;
			children = (
				2AF17AD627C8514500F700DB /* Flix */,
				2AF17AED27C8514C00F700DB /* FlixTests */,
				2AF17AF727C8514C00F700DB /* FlixUITests */,
				2AF17AD527C8514500F700DB /* Products */,
				3DB060BD2C80B0A4ADB6610B /* Pods */,
				0C4F7192C41BE30A69C3FDE6 /* Frameworks */,
			);
			sourceTree = "<group>";
		};
		2AF17AD527C8514500F700DB /* Products */ = {
			isa = PBXGroup;
			children = (
				2AF17AD427C8514500F700DB /* Flix.app */,
				2AF17AEA27C8514B00F700DB /* FlixTests.xctest */,
				2AF17AF427C8514C00F700DB /* FlixUITests.xctest */,
			);
			name = Products;
			sourceTree = "<group>";
		};
		2AF17AD627C8514500F700DB /* Flix */ = {
			isa = PBXGroup;
			children = (
				2AF17AD727C8514500F700DB /* AppDelegate.swift */,
				2AF17AD927C8514500F700DB /* SceneDelegate.swift */,
				2AF17ADB27C8514500F700DB /* ViewController.swift */,
				2AF17ADD27C8514500F700DB /* Main.storyboard */,
				2AF17AE027C8514B00F700DB /* Assets.xcassets */,
				2AF17AE227C8514B00F700DB /* LaunchScreen.storyboard */,
				2AF17AE527C8514B00F700DB /* Info.plist */,
				2AF17B0727C8589800F700DB /* MoviesViewController.swift */,
				2AF17B0927C8647300F700DB /* MovieCell.swift */,
			);
			path = Flix;
			sourceTree = "<group>";
		};
		2AF17AED27C8514C00F700DB /* FlixTests */ = {
			isa = PBXGroup;
			children = (
				2AF17AEE27C8514C00F700DB /* FlixTests.swift */,
			);
			path = FlixTests;
			sourceTree = "<group>";
		};
		2AF17AF727C8514C00F700DB /* FlixUITests */ = {
			isa = PBXGroup;
			children = (
				2AF17AF827C8514C00F700DB /* FlixUITests.swift */,
				2AF17AFA27C8514C00F700DB /* FlixUITestsLaunchTests.swift */,
			);
			path = FlixUITests;
			sourceTree = "<group>";
		};
		3DB060BD2C80B0A4ADB6610B /* Pods */ = {
			isa = PBXGroup;
			children = (
				35FE2DEC0F499C464F49C8C1 /* Pods-Flix.debug.xcconfig */,
				5409473155941A58C4EA7205 /* Pods-Flix.release.xcconfig */,
				CEDFC9782D22B702C05F3903 /* Pods-Flix-FlixUITests.debug.xcconfig */,
				ABB7219C35362FE15CB92822 /* Pods-Flix-FlixUITests.release.xcconfig */,
				287C02EFED68E805FE456AA3 /* Pods-FlixTests.debug.xcconfig */,
				8958D285E7F239F6925DE657 /* Pods-FlixTests.release.xcconfig */,
			);
			name = Pods;
			path = Pods;
			sourceTree = "<group>";
		};
/* End PBXGroup section */

/* Begin PBXNativeTarget section */
		2AF17AD327C8514500F700DB /* Flix */ = {
			isa = PBXNativeTarget;
			buildConfigurationList = 2AF17AFE27C8514C00F700DB /* Build configuration list for PBXNativeTarget "Flix" */;
			buildPhases = (
				A492153B7547CFED2901E0CC /* [CP] Check Pods Manifest.lock */,
				2AF17AD027C8514500F700DB /* Sources */,
				2AF17AD127C8514500F700DB /* Frameworks */,
				2AF17AD227C8514500F700DB /* Resources */,
				8FAE861FEDAA24F63E9E9647 /* [CP] Embed Pods Frameworks */,
			);
			buildRules = (
			);
			dependencies = (
			);
			name = Flix;
			packageProductDependencies = (
				2AF17B0C27C8706800F700DB /* AlamofireImage */,
			);
			productName = Flix;
			productReference = 2AF17AD427C8514500F700DB /* Flix.app */;
			productType = "com.apple.product-type.application";
		};
		2AF17AE927C8514B00F700DB /* FlixTests */ = {
			isa = PBXNativeTarget;
			buildConfigurationList = 2AF17B0127C8514C00F700DB /* Build configuration list for PBXNativeTarget "FlixTests" */;
			buildPhases = (
				B86EF8358C9EBC73E84E0D43 /* [CP] Check Pods Manifest.lock */,
				2AF17AE627C8514B00F700DB /* Sources */,
				2AF17AE727C8514B00F700DB /* Frameworks */,
				2AF17AE827C8514B00F700DB /* Resources */,
			);
			buildRules = (
			);
			dependencies = (
				2AF17AEC27C8514B00F700DB /* PBXTargetDependency */,
			);
			name = FlixTests;
			productName = FlixTests;
			productReference = 2AF17AEA27C8514B00F700DB /* FlixTests.xctest */;
			productType = "com.apple.product-type.bundle.unit-test";
		};
		2AF17AF327C8514C00F700DB /* FlixUITests */ = {
			isa = PBXNativeTarget;
			buildConfigurationList = 2AF17B0427C8514C00F700DB /* Build configuration list for PBXNativeTarget "FlixUITests" */;
			buildPhases = (
				4B1E06CC90FB7376CC26FA2D /* [CP] Check Pods Manifest.lock */,
				2AF17AF027C8514C00F700DB /* Sources */,
				2AF17AF127C8514C00F700DB /* Frameworks */,
				2AF17AF227C8514C00F700DB /* Resources */,
				692E2BF6B253FD6BCDB6DC48 /* [CP] Embed Pods Frameworks */,
			);
			buildRules = (
			);
			dependencies = (
				2AF17AF627C8514C00F700DB /* PBXTargetDependency */,
			);
			name = FlixUITests;
			productName = FlixUITests;
			productReference = 2AF17AF427C8514C00F700DB /* FlixUITests.xctest */;
			productType = "com.apple.product-type.bundle.ui-testing";
		};
/* End PBXNativeTarget section */

/* Begin PBXProject section */
		2AF17ACC27C8514500F700DB /* Project object */ = {
			isa = PBXProject;
			attributes = {
				BuildIndependentTargetsInParallel = 1;
				LastSwiftUpdateCheck = 1310;
				LastUpgradeCheck = 1310;
				TargetAttributes = {
					2AF17AD327C8514500F700DB = {
						CreatedOnToolsVersion = 13.1;
					};
					2AF17AE927C8514B00F700DB = {
						CreatedOnToolsVersion = 13.1;
						TestTargetID = 2AF17AD327C8514500F700DB;
					};
					2AF17AF327C8514C00F700DB = {
						CreatedOnToolsVersion = 13.1;
						TestTargetID = 2AF17AD327C8514500F700DB;
					};
				};
			};
			buildConfigurationList = 2AF17ACF27C8514500F700DB /* Build configuration list for PBXProject "Flix" */;
			compatibilityVersion = "Xcode 13.0";
			developmentRegion = en;
			hasScannedForEncodings = 0;
			knownRegions = (
				en,
				Base,
			);
			mainGroup = 2AF17ACB27C8514500F700DB;
			packageReferences = (
				2AF17B0B27C8706800F700DB /* XCRemoteSwiftPackageReference "AlamofireImage" */,
			);
			productRefGroup = 2AF17AD527C8514500F700DB /* Products */;
			projectDirPath = "";
			projectRoot = "";
			targets = (
				2AF17AD327C8514500F700DB /* Flix */,
				2AF17AE927C8514B00F700DB /* FlixTests */,
				2AF17AF327C8514C00F700DB /* FlixUITests */,
			);
		};
/* End PBXProject section */

/* Begin PBXResourcesBuildPhase section */
		2AF17AD227C8514500F700DB /* Resources */ = {
			isa = PBXResourcesBuildPhase;
			buildActionMask = 2147483647;
			files = (
				2AF17AE427C8514B00F700DB /* LaunchScreen.storyboard in Resources */,
				2AF17AE127C8514B00F700DB /* Assets.xcassets in Resources */,
				2AF17ADF27C8514500F700DB /* Main.storyboard in Resources */,
			);
			runOnlyForDeploymentPostprocessing = 0;
		};
		2AF17AE827C8514B00F700DB /* Resources */ = {
			isa = PBXResourcesBuildPhase;
			buildActionMask = 2147483647;
			files = (
			);
			runOnlyForDeploymentPostprocessing = 0;
		};
		2AF17AF227C8514C00F700DB /* Resources */ = {
			isa = PBXResourcesBuildPhase;
			buildActionMask = 2147483647;
			files = (
			);
			runOnlyForDeploymentPostprocessing = 0;
		};
/* End PBXResourcesBuildPhase section */

/* Begin PBXShellScriptBuildPhase section */
		4B1E06CC90FB7376CC26FA2D /* [CP] Check Pods Manifest.lock */ = {
			isa = PBXShellScriptBuildPhase;
			buildActionMask = 2147483647;
			files = (
			);
			inputFileListPaths = (
			);
			inputPaths = (
				"${PODS_PODFILE_DIR_PATH}/Podfile.lock",
				"${PODS_ROOT}/Manifest.lock",
			);
			name = "[CP] Check Pods Manifest.lock";
			outputFileListPaths = (
			);
			outputPaths = (
				"$(DERIVED_FILE_DIR)/Pods-Flix-FlixUITests-checkManifestLockResult.txt",
			);
			runOnlyForDeploymentPostprocessing = 0;
			shellPath = /bin/sh;
			shellScript = "diff \"${PODS_PODFILE_DIR_PATH}/Podfile.lock\" \"${PODS_ROOT}/Manifest.lock\" > /dev/null\nif [ $? != 0 ] ; then\n    # print error to STDERR\n    echo \"error: The sandbox is not in sync with the Podfile.lock. Run 'pod install' or update your CocoaPods installation.\" >&2\n    exit 1\nfi\n# This output is used by Xcode 'outputs' to avoid re-running this script phase.\necho \"SUCCESS\" > \"${SCRIPT_OUTPUT_FILE_0}\"\n";
			showEnvVarsInLog = 0;
		};
		692E2BF6B253FD6BCDB6DC48 /* [CP] Embed Pods Frameworks */ = {
			isa = PBXShellScriptBuildPhase;
			buildActionMask = 2147483647;
			files = (
			);
			inputFileListPaths = (
				"${PODS_ROOT}/Target Support Files/Pods-Flix-FlixUITests/Pods-Flix-FlixUITests-frameworks-${CONFIGURATION}-input-files.xcfilelist",
			);
			name = "[CP] Embed Pods Frameworks";
			outputFileListPaths = (
				"${PODS_ROOT}/Target Support Files/Pods-Flix-FlixUITests/Pods-Flix-FlixUITests-frameworks-${CONFIGURATION}-output-files.xcfilelist",
			);
			runOnlyForDeploymentPostprocessing = 0;
			shellPath = /bin/sh;
			shellScript = "\"${PODS_ROOT}/Target Support Files/Pods-Flix-FlixUITests/Pods-Flix-FlixUITests-frameworks.sh\"\n";
			showEnvVarsInLog = 0;
		};
		8FAE861FEDAA24F63E9E9647 /* [CP] Embed Pods Frameworks */ = {
			isa = PBXShellScriptBuildPhase;
			buildActionMask = 2147483647;
			files = (
			);
			inputFileListPaths = (
				"${PODS_ROOT}/Target Support Files/Pods-Flix/Pods-Flix-frameworks-${CONFIGURATION}-input-files.xcfilelist",
			);
			name = "[CP] Embed Pods Frameworks";
			outputFileListPaths = (
				"${PODS_ROOT}/Target Support Files/Pods-Flix/Pods-Flix-frameworks-${CONFIGURATION}-output-files.xcfilelist",
			);
			runOnlyForDeploymentPostprocessing = 0;
			shellPath = /bin/sh;
			shellScript = "\"${PODS_ROOT}/Target Support Files/Pods-Flix/Pods-Flix-frameworks.sh\"\n";
			showEnvVarsInLog = 0;
		};
		A492153B7547CFED2901E0CC /* [CP] Check Pods Manifest.lock */ = {
			isa = PBXShellScriptBuildPhase;
			buildActionMask = 2147483647;
			files = (
			);
			inputFileListPaths = (
			);
			inputPaths = (
				"${PODS_PODFILE_DIR_PATH}/Podfile.lock",
				"${PODS_ROOT}/Manifest.lock",
			);
			name = "[CP] Check Pods Manifest.lock";
			outputFileListPaths = (
			);
			outputPaths = (
				"$(DERIVED_FILE_DIR)/Pods-Flix-checkManifestLockResult.txt",
			);
			runOnlyForDeploymentPostprocessing = 0;
			shellPath = /bin/sh;
			shellScript = "diff \"${PODS_PODFILE_DIR_PATH}/Podfile.lock\" \"${PODS_ROOT}/Manifest.lock\" > /dev/null\nif [ $? != 0 ] ; then\n    # print error to STDERR\n    echo \"error: The sandbox is not in sync with the Podfile.lock. Run 'pod install' or update your CocoaPods installation.\" >&2\n    exit 1\nfi\n# This output is used by Xcode 'outputs' to avoid re-running this script phase.\necho \"SUCCESS\" > \"${SCRIPT_OUTPUT_FILE_0}\"\n";
			showEnvVarsInLog = 0;
		};
		B86EF8358C9EBC73E84E0D43 /* [CP] Check Pods Manifest.lock */ = {
			isa = PBXShellScriptBuildPhase;
			buildActionMask = 2147483647;
			files = (
			);
			inputFileListPaths = (
			);
			inputPaths = (
				"${PODS_PODFILE_DIR_PATH}/Podfile.lock",
				"${PODS_ROOT}/Manifest.lock",
			);
			name = "[CP] Check Pods Manifest.lock";
			outputFileListPaths = (
			);
			outputPaths = (
				"$(DERIVED_FILE_DIR)/Pods-FlixTests-checkManifestLockResult.txt",
			);
			runOnlyForDeploymentPostprocessing = 0;
			shellPath = /bin/sh;
			shellScript = "diff \"${PODS_PODFILE_DIR_PATH}/Podfile.lock\" \"${PODS_ROOT}/Manifest.lock\" > /dev/null\nif [ $? != 0 ] ; then\n    # print error to STDERR\n    echo \"error: The sandbox is not in sync with the Podfile.lock. Run 'pod install' or update your CocoaPods installation.\" >&2\n    exit 1\nfi\n# This output is used by Xcode 'outputs' to avoid re-running this script phase.\necho \"SUCCESS\" > \"${SCRIPT_OUTPUT_FILE_0}\"\n";
			showEnvVarsInLog = 0;
		};
/* End PBXShellScriptBuildPhase section */

/* Begin PBXSourcesBuildPhase section */
		2AF17AD027C8514500F700DB /* Sources */ = {
			isa = PBXSourcesBuildPhase;
			buildActionMask = 2147483647;
			files = (
				2AF17ADC27C8514500F700DB /* ViewController.swift in Sources */,
				2AF17AD827C8514500F700DB /* AppDelegate.swift in Sources */,
				2AF17ADA27C8514500F700DB /* SceneDelegate.swift in Sources */,
				2AF17B0A27C8647300F700DB /* MovieCell.swift in Sources */,
				2AF17B0827C8589800F700DB /* MoviesViewController.swift in Sources */,
			);
			runOnlyForDeploymentPostprocessing = 0;
		};
		2AF17AE627C8514B00F700DB /* Sources */ = {
			isa = PBXSourcesBuildPhase;
			buildActionMask = 2147483647;
			files = (
				2AF17AEF27C8514C00F700DB /* FlixTests.swift in Sources */,
			);
			runOnlyForDeploymentPostprocessing = 0;
		};
		2AF17AF027C8514C00F700DB /* Sources */ = {
			isa = PBXSourcesBuildPhase;
			buildActionMask = 2147483647;
			files = (
				2AF17AF927C8514C00F700DB /* FlixUITests.swift in Sources */,
				2AF17AFB27C8514C00F700DB /* FlixUITestsLaunchTests.swift in Sources */,
			);
			runOnlyForDeploymentPostprocessing = 0;
		};
/* End PBXSourcesBuildPhase section */

/* Begin PBXTargetDependency section */
		2AF17AEC27C8514B00F700DB /* PBXTargetDependency */ = {
			isa = PBXTargetDependency;
			target = 2AF17AD327C8514500F700DB /* Flix */;
			targetProxy = 2AF17AEB27C8514B00F700DB /* PBXContainerItemProxy */;
		};
		2AF17AF627C8514C00F700DB /* PBXTargetDependency */ = {
			isa = PBXTargetDependency;
			target = 2AF17AD327C8514500F700DB /* Flix */;
			targetProxy = 2AF17AF527C8514C00F700DB /* PBXContainerItemProxy */;
		};
/* End PBXTargetDependency section */

/* Begin PBXVariantGroup section */
		2AF17ADD27C8514500F700DB /* Main.storyboard */ = {
			isa = PBXVariantGroup;
			children = (
				2AF17ADE27C8514500F700DB /* Base */,
			);
			name = Main.storyboard;
			sourceTree = "<group>";
		};
		2AF17AE227C8514B00F700DB /* LaunchScreen.storyboard */ = {
			isa = PBXVariantGroup;
			children = (
				2AF17AE327C8514B00F700DB /* Base */,
			);
			name = LaunchScreen.storyboard;
			sourceTree = "<group>";
		};
/* End PBXVariantGroup section */

/* Begin XCBuildConfiguration section */
		2AF17AFC27C8514C00F700DB /* Debug */ = {
			isa = XCBuildConfiguration;
			buildSettings = {
				ALWAYS_SEARCH_USER_PATHS = NO;
				CLANG_ANALYZER_NONNULL = YES;
				CLANG_ANALYZER_NUMBER_OBJECT_CONVERSION = YES_AGGRESSIVE;
				CLANG_CXX_LANGUAGE_STANDARD = "gnu++17";
				CLANG_CXX_LIBRARY = "libc++";
				CLANG_ENABLE_MODULES = YES;
				CLANG_ENABLE_OBJC_ARC = YES;
				CLANG_ENABLE_OBJC_WEAK = YES;
				CLANG_WARN_BLOCK_CAPTURE_AUTORELEASING = YES;
				CLANG_WARN_BOOL_CONVERSION = YES;
				CLANG_WARN_COMMA = YES;
				CLANG_WARN_CONSTANT_CONVERSION = YES;
				CLANG_WARN_DEPRECATED_OBJC_IMPLEMENTATIONS = YES;
				CLANG_WARN_DIRECT_OBJC_ISA_USAGE = YES_ERROR;
				CLANG_WARN_DOCUMENTATION_COMMENTS = YES;
				CLANG_WARN_EMPTY_BODY = YES;
				CLANG_WARN_ENUM_CONVERSION = YES;
				CLANG_WARN_INFINITE_RECURSION = YES;
				CLANG_WARN_INT_CONVERSION = YES;
				CLANG_WARN_NON_LITERAL_NULL_CONVERSION = YES;
				CLANG_WARN_OBJC_IMPLICIT_RETAIN_SELF = YES;
				CLANG_WARN_OBJC_LITERAL_CONVERSION = YES;
				CLANG_WARN_OBJC_ROOT_CLASS = YES_ERROR;
				CLANG_WARN_QUOTED_INCLUDE_IN_FRAMEWORK_HEADER = YES;
				CLANG_WARN_RANGE_LOOP_ANALYSIS = YES;
				CLANG_WARN_STRICT_PROTOTYPES = YES;
				CLANG_WARN_SUSPICIOUS_MOVE = YES;
				CLANG_WARN_UNGUARDED_AVAILABILITY = YES_AGGRESSIVE;
				CLANG_WARN_UNREACHABLE_CODE = YES;
				CLANG_WARN__DUPLICATE_METHOD_MATCH = YES;
				COPY_PHASE_STRIP = NO;
				DEBUG_INFORMATION_FORMAT = dwarf;
				ENABLE_STRICT_OBJC_MSGSEND = YES;
				ENABLE_TESTABILITY = YES;
				GCC_C_LANGUAGE_STANDARD = gnu11;
				GCC_DYNAMIC_NO_PIC = NO;
				GCC_NO_COMMON_BLOCKS = YES;
				GCC_OPTIMIZATION_LEVEL = 0;
				GCC_PREPROCESSOR_DEFINITIONS = (
					"DEBUG=1",
					"$(inherited)",
				);
				GCC_WARN_64_TO_32_BIT_CONVERSION = YES;
				GCC_WARN_ABOUT_RETURN_TYPE = YES_ERROR;
				GCC_WARN_UNDECLARED_SELECTOR = YES;
				GCC_WARN_UNINITIALIZED_AUTOS = YES_AGGRESSIVE;
				GCC_WARN_UNUSED_FUNCTION = YES;
				GCC_WARN_UNUSED_VARIABLE = YES;
				IPHONEOS_DEPLOYMENT_TARGET = 15.0;
				MTL_ENABLE_DEBUG_INFO = INCLUDE_SOURCE;
				MTL_FAST_MATH = YES;
				ONLY_ACTIVE_ARCH = YES;
				SDKROOT = iphoneos;
				SWIFT_ACTIVE_COMPILATION_CONDITIONS = DEBUG;
				SWIFT_OPTIMIZATION_LEVEL = "-Onone";
			};
			name = Debug;
		};
		2AF17AFD27C8514C00F700DB /* Release */ = {
			isa = XCBuildConfiguration;
			buildSettings = {
				ALWAYS_SEARCH_USER_PATHS = NO;
				CLANG_ANALYZER_NONNULL = YES;
				CLANG_ANALYZER_NUMBER_OBJECT_CONVERSION = YES_AGGRESSIVE;
				CLANG_CXX_LANGUAGE_STANDARD = "gnu++17";
				CLANG_CXX_LIBRARY = "libc++";
				CLANG_ENABLE_MODULES = YES;
				CLANG_ENABLE_OBJC_ARC = YES;
				CLANG_ENABLE_OBJC_WEAK = YES;
				CLANG_WARN_BLOCK_CAPTURE_AUTORELEASING = YES;
				CLANG_WARN_BOOL_CONVERSION = YES;
				CLANG_WARN_COMMA = YES;
				CLANG_WARN_CONSTANT_CONVERSION = YES;
				CLANG_WARN_DEPRECATED_OBJC_IMPLEMENTATIONS = YES;
				CLANG_WARN_DIRECT_OBJC_ISA_USAGE = YES_ERROR;
				CLANG_WARN_DOCUMENTATION_COMMENTS = YES;
				CLANG_WARN_EMPTY_BODY = YES;
				CLANG_WARN_ENUM_CONVERSION = YES;
				CLANG_WARN_INFINITE_RECURSION = YES;
				CLANG_WARN_INT_CONVERSION = YES;
				CLANG_WARN_NON_LITERAL_NULL_CONVERSION = YES;
				CLANG_WARN_OBJC_IMPLICIT_RETAIN_SELF = YES;
				CLANG_WARN_OBJC_LITERAL_CONVERSION = YES;
				CLANG_WARN_OBJC_ROOT_CLASS = YES_ERROR;
				CLANG_WARN_QUOTED_INCLUDE_IN_FRAMEWORK_HEADER = YES;
				CLANG_WARN_RANGE_LOOP_ANALYSIS = YES;
				CLANG_WARN_STRICT_PROTOTYPES = YES;
				CLANG_WARN_SUSPICIOUS_MOVE = YES;
				CLANG_WARN_UNGUARDED_AVAILABILITY = YES_AGGRESSIVE;
				CLANG_WARN_UNREACHABLE_CODE = YES;
				CLANG_WARN__DUPLICATE_METHOD_MATCH = YES;
				COPY_PHASE_STRIP = NO;
				DEBUG_INFORMATION_FORMAT = "dwarf-with-dsym";
				ENABLE_NS_ASSERTIONS = NO;
				ENABLE_STRICT_OBJC_MSGSEND = YES;
				GCC_C_LANGUAGE_STANDARD = gnu11;
				GCC_NO_COMMON_BLOCKS = YES;
				GCC_WARN_64_TO_32_BIT_CONVERSION = YES;
				GCC_WARN_ABOUT_RETURN_TYPE = YES_ERROR;
				GCC_WARN_UNDECLARED_SELECTOR = YES;
				GCC_WARN_UNINITIALIZED_AUTOS = YES_AGGRESSIVE;
				GCC_WARN_UNUSED_FUNCTION = YES;
				GCC_WARN_UNUSED_VARIABLE = YES;
				IPHONEOS_DEPLOYMENT_TARGET = 15.0;
				MTL_ENABLE_DEBUG_INFO = NO;
				MTL_FAST_MATH = YES;
				SDKROOT = iphoneos;
				SWIFT_COMPILATION_MODE = wholemodule;
				SWIFT_OPTIMIZATION_LEVEL = "-O";
				VALIDATE_PRODUCT = YES;
			};
			name = Release;
		};
		2AF17AFF27C8514C00F700DB /* Debug */ = {
			isa = XCBuildConfiguration;
			baseConfigurationReference = 35FE2DEC0F499C464F49C8C1 /* Pods-Flix.debug.xcconfig */;
			buildSettings = {
				ASSETCATALOG_COMPILER_APPICON_NAME = AppIcon;
				ASSETCATALOG_COMPILER_GLOBAL_ACCENT_COLOR_NAME = AccentColor;
				CODE_SIGN_STYLE = Automatic;
				CURRENT_PROJECT_VERSION = 1;
				GENERATE_INFOPLIST_FILE = YES;
				INFOPLIST_FILE = Flix/Info.plist;
				INFOPLIST_KEY_UIApplicationSupportsIndirectInputEvents = YES;
				INFOPLIST_KEY_UILaunchStoryboardName = LaunchScreen;
				INFOPLIST_KEY_UIMainStoryboardFile = Main;
				INFOPLIST_KEY_UISupportedInterfaceOrientations_iPad = "UIInterfaceOrientationPortrait UIInterfaceOrientationPortraitUpsideDown UIInterfaceOrientationLandscapeLeft UIInterfaceOrientationLandscapeRight";
				INFOPLIST_KEY_UISupportedInterfaceOrientations_iPhone = "UIInterfaceOrientationPortrait UIInterfaceOrientationLandscapeLeft UIInterfaceOrientationLandscapeRight";
				LD_RUNPATH_SEARCH_PATHS = (
					"$(inherited)",
					"@executable_path/Frameworks",
				);
				MARKETING_VERSION = 1.0;
				PRODUCT_BUNDLE_IDENTIFIER = memo.com.Flix;
				PRODUCT_NAME = "$(TARGET_NAME)";
				SWIFT_EMIT_LOC_STRINGS = YES;
				SWIFT_VERSION = 5.0;
				TARGETED_DEVICE_FAMILY = "1,2";
			};
			name = Debug;
		};
		2AF17B0027C8514C00F700DB /* Release */ = {
			isa = XCBuildConfiguration;
			baseConfigurationReference = 5409473155941A58C4EA7205 /* Pods-Flix.release.xcconfig */;
			buildSettings = {
				ASSETCATALOG_COMPILER_APPICON_NAME = AppIcon;
				ASSETCATALOG_COMPILER_GLOBAL_ACCENT_COLOR_NAME = AccentColor;
				CODE_SIGN_STYLE = Automatic;
				CURRENT_PROJECT_VERSION = 1;
				GENERATE_INFOPLIST_FILE = YES;
				INFOPLIST_FILE = Flix/Info.plist;
				INFOPLIST_KEY_UIApplicationSupportsIndirectInputEvents = YES;
				INFOPLIST_KEY_UILaunchStoryboardName = LaunchScreen;
				INFOPLIST_KEY_UIMainStoryboardFile = Main;
				INFOPLIST_KEY_UISupportedInterfaceOrientations_iPad = "UIInterfaceOrientationPortrait UIInterfaceOrientationPortraitUpsideDown UIInterfaceOrientationLandscapeLeft UIInterfaceOrientationLandscapeRight";
				INFOPLIST_KEY_UISupportedInterfaceOrientations_iPhone = "UIInterfaceOrientationPortrait UIInterfaceOrientationLandscapeLeft UIInterfaceOrientationLandscapeRight";
				LD_RUNPATH_SEARCH_PATHS = (
					"$(inherited)",
					"@executable_path/Frameworks",
				);
				MARKETING_VERSION = 1.0;
				PRODUCT_BUNDLE_IDENTIFIER = memo.com.Flix;
				PRODUCT_NAME = "$(TARGET_NAME)";
				SWIFT_EMIT_LOC_STRINGS = YES;
				SWIFT_VERSION = 5.0;
				TARGETED_DEVICE_FAMILY = "1,2";
			};
			name = Release;
		};
		2AF17B0227C8514C00F700DB /* Debug */ = {
			isa = XCBuildConfiguration;
			baseConfigurationReference = 287C02EFED68E805FE456AA3 /* Pods-FlixTests.debug.xcconfig */;
			buildSettings = {
				ALWAYS_EMBED_SWIFT_STANDARD_LIBRARIES = YES;
				BUNDLE_LOADER = "$(TEST_HOST)";
				CODE_SIGN_STYLE = Automatic;
				CURRENT_PROJECT_VERSION = 1;
				GENERATE_INFOPLIST_FILE = YES;
				IPHONEOS_DEPLOYMENT_TARGET = 15.0;
				LD_RUNPATH_SEARCH_PATHS = (
					"$(inherited)",
					"@executable_path/Frameworks",
					"@loader_path/Frameworks",
				);
				MARKETING_VERSION = 1.0;
				PRODUCT_BUNDLE_IDENTIFIER = memo.com.FlixTests;
				PRODUCT_NAME = "$(TARGET_NAME)";
				SWIFT_EMIT_LOC_STRINGS = NO;
				SWIFT_VERSION = 5.0;
				TARGETED_DEVICE_FAMILY = "1,2";
				TEST_HOST = "$(BUILT_PRODUCTS_DIR)/Flix.app/Flix";
			};
			name = Debug;
		};
		2AF17B0327C8514C00F700DB /* Release */ = {
			isa = XCBuildConfiguration;
			baseConfigurationReference = 8958D285E7F239F6925DE657 /* Pods-FlixTests.release.xcconfig */;
			buildSettings = {
				ALWAYS_EMBED_SWIFT_STANDARD_LIBRARIES = YES;
				BUNDLE_LOADER = "$(TEST_HOST)";
				CODE_SIGN_STYLE = Automatic;
				CURRENT_PROJECT_VERSION = 1;
				GENERATE_INFOPLIST_FILE = YES;
				IPHONEOS_DEPLOYMENT_TARGET = 15.0;
				LD_RUNPATH_SEARCH_PATHS = (
					"$(inherited)",
					"@executable_path/Frameworks",
					"@loader_path/Frameworks",
				);
				MARKETING_VERSION = 1.0;
				PRODUCT_BUNDLE_IDENTIFIER = memo.com.FlixTests;
				PRODUCT_NAME = "$(TARGET_NAME)";
				SWIFT_EMIT_LOC_STRINGS = NO;
				SWIFT_VERSION = 5.0;
				TARGETED_DEVICE_FAMILY = "1,2";
				TEST_HOST = "$(BUILT_PRODUCTS_DIR)/Flix.app/Flix";
			};
			name = Release;
		};
		2AF17B0527C8514C00F700DB /* Debug */ = {
			isa = XCBuildConfiguration;
			baseConfigurationReference = CEDFC9782D22B702C05F3903 /* Pods-Flix-FlixUITests.debug.xcconfig */;
			buildSettings = {
				ALWAYS_EMBED_SWIFT_STANDARD_LIBRARIES = YES;
				CODE_SIGN_STYLE = Automatic;
				CURRENT_PROJECT_VERSION = 1;
				GENERATE_INFOPLIST_FILE = YES;
				LD_RUNPATH_SEARCH_PATHS = (
					"$(inherited)",
					"@executable_path/Frameworks",
					"@loader_path/Frameworks",
				);
				MARKETING_VERSION = 1.0;
				PRODUCT_BUNDLE_IDENTIFIER = memo.com.FlixUITests;
				PRODUCT_NAME = "$(TARGET_NAME)";
				SWIFT_EMIT_LOC_STRINGS = NO;
				SWIFT_VERSION = 5.0;
				TARGETED_DEVICE_FAMILY = "1,2";
				TEST_TARGET_NAME = Flix;
			};
			name = Debug;
		};
		2AF17B0627C8514C00F700DB /* Release */ = {
			isa = XCBuildConfiguration;
			baseConfigurationReference = ABB7219C35362FE15CB92822 /* Pods-Flix-FlixUITests.release.xcconfig */;
			buildSettings = {
				ALWAYS_EMBED_SWIFT_STANDARD_LIBRARIES = YES;
				CODE_SIGN_STYLE = Automatic;
				CURRENT_PROJECT_VERSION = 1;
				GENERATE_INFOPLIST_FILE = YES;
				LD_RUNPATH_SEARCH_PATHS = (
					"$(inherited)",
					"@executable_path/Frameworks",
					"@loader_path/Frameworks",
				);
				MARKETING_VERSION = 1.0;
				PRODUCT_BUNDLE_IDENTIFIER = memo.com.FlixUITests;
				PRODUCT_NAME = "$(TARGET_NAME)";
				SWIFT_EMIT_LOC_STRINGS = NO;
				SWIFT_VERSION = 5.0;
				TARGETED_DEVICE_FAMILY = "1,2";
				TEST_TARGET_NAME = Flix;
			};
			name = Release;
		};
/* End XCBuildConfiguration section */

/* Begin XCConfigurationList section */
		2AF17ACF27C8514500F700DB /* Build configuration list for PBXProject "Flix" */ = {
			isa = XCConfigurationList;
			buildConfigurations = (
				2AF17AFC27C8514C00F700DB /* Debug */,
				2AF17AFD27C8514C00F700DB /* Release */,
			);
			defaultConfigurationIsVisible = 0;
			defaultConfigurationName = Release;
		};
		2AF17AFE27C8514C00F700DB /* Build configuration list for PBXNativeTarget "Flix" */ = {
			isa = XCConfigurationList;
			buildConfigurations = (
				2AF17AFF27C8514C00F700DB /* Debug */,
				2AF17B0027C8514C00F700DB /* Release */,
			);
			defaultConfigurationIsVisible = 0;
			defaultConfigurationName = Release;
		};
		2AF17B0127C8514C00F700DB /* Build configuration list for PBXNativeTarget "FlixTests" */ = {
			isa = XCConfigurationList;
			buildConfigurations = (
				2AF17B0227C8514C00F700DB /* Debug */,
				2AF17B0327C8514C00F700DB /* Release */,
			);
			defaultConfigurationIsVisible = 0;
			defaultConfigurationName = Release;
		};
		2AF17B0427C8514C00F700DB /* Build configuration list for PBXNativeTarget "FlixUITests" */ = {
			isa = XCConfigurationList;
			buildConfigurations = (
				2AF17B0527C8514C00F700DB /* Debug */,
				2AF17B0627C8514C00F700DB /* Release */,
			);
			defaultConfigurationIsVisible = 0;
			defaultConfigurationName = Release;
		};
/* End XCConfigurationList section */

/* Begin XCRemoteSwiftPackageReference section */
		2AF17B0B27C8706800F700DB /* XCRemoteSwiftPackageReference "AlamofireImage" */ = {
			isa = XCRemoteSwiftPackageReference;
			repositoryURL = "https://github.com/Alamofire/AlamofireImage";
			requirement = {
				kind = upToNextMajorVersion;
				minimumVersion = 4.0.0;
			};
		};
/* End XCRemoteSwiftPackageReference section */

/* Begin XCSwiftPackageProductDependency section */
		2AF17B0C27C8706800F700DB /* AlamofireImage */ = {
			isa = XCSwiftPackageProductDependency;
			package = 2AF17B0B27C8706800F700DB /* XCRemoteSwiftPackageReference "AlamofireImage" */;
			productName = AlamofireImage;
		};
/* End XCSwiftPackageProductDependency section */
	};
	rootObject = 2AF17ACC27C8514500F700DB /* Project object */;
}
